
Microsoft Visual Studio Solution File, Format Version 12.00
# Visual Studio Version 17
VisualStudioVersion = 17.6.33723.286
MinimumVisualStudioVersion = 10.0.40219.1
Project("{FAE04EC0-301F-11D3-BF4B-00C04F79EFBC}") = "Exercise_3", "Exercise_3\Exercise_3.csproj", "{482593C2-1643-4125-84AC-AC142AE20B05}"
EndProject
Global
	GlobalSection(SolutionConfigurationPlatforms) = preSolution
		Debug|Any CPU = Debug|Any CPU
		Release|Any CPU = Release|Any CPU
	EndGlobalSection
	GlobalSection(ProjectConfigurationPlatforms) = postSolution
		{482593C2-1643-4125-84AC-AC142AE20B05}.Debug|Any CPU.ActiveCfg = Debug|Any CPU
		{482593C2-1643-4125-84AC-AC142AE20B05}.Debug|Any CPU.Build.0 = Debug|Any CPU
		{482593C2-1643-4125-84AC-AC142AE20B05}.Release|Any CPU.ActiveCfg = Release|Any CPU
		{482593C2-1643-4125-84AC-AC142AE20B05}.Release|Any CPU.Build.0 = Release|Any CPU
	EndGlobalSection
	GlobalSection(SolutionProperties) = preSolution
		HideSolutionNode = FALSE
	EndGlobalSection
	GlobalSection(ExtensibilityGlobals) = postSolution
		SolutionGuid = {DD472E47-59B7-4BAE-8EB5-E88E417643E6}
	EndGlobalSection
EndGlobal
