
Microsoft Visual Studio Solution File, Format Version 12.00
# Visual Studio Version 17
VisualStudioVersion = 17.6.33723.286
MinimumVisualStudioVersion = 10.0.40219.1
Project("{FAE04EC0-301F-11D3-BF4B-00C04F79EFBC}") = "Exercise_23", "Exercise_23\Exercise_23.csproj", "{59CCCD0B-12AA-4583-A67A-1866F04CDEC4}"
EndProject
Global
	GlobalSection(SolutionConfigurationPlatforms) = preSolution
		Debug|Any CPU = Debug|Any CPU
		Release|Any CPU = Release|Any CPU
	EndGlobalSection
	GlobalSection(ProjectConfigurationPlatforms) = postSolution
		{59CCCD0B-12AA-4583-A67A-1866F04CDEC4}.Debug|Any CPU.ActiveCfg = Debug|Any CPU
		{59CCCD0B-12AA-4583-A67A-1866F04CDEC4}.Debug|Any CPU.Build.0 = Debug|Any CPU
		{59CCCD0B-12AA-4583-A67A-1866F04CDEC4}.Release|Any CPU.ActiveCfg = Release|Any CPU
		{59CCCD0B-12AA-4583-A67A-1866F04CDEC4}.Release|Any CPU.Build.0 = Release|Any CPU
	EndGlobalSection
	GlobalSection(SolutionProperties) = preSolution
		HideSolutionNode = FALSE
	EndGlobalSection
	GlobalSection(ExtensibilityGlobals) = postSolution
		SolutionGuid = {17F0538F-E541-4F7F-9D8F-1E6815AFB30E}
	EndGlobalSection
EndGlobal
