
Microsoft Visual Studio Solution File, Format Version 12.00
# Visual Studio Version 17
VisualStudioVersion = 17.6.33723.286
MinimumVisualStudioVersion = 10.0.40219.1
Project("{FAE04EC0-301F-11D3-BF4B-00C04F79EFBC}") = "Exercise_5", "Exercise_5\Exercise_5.csproj", "{44EE295F-BF13-4ADD-9840-69B3A4362C4D}"
EndProject
Global
	GlobalSection(SolutionConfigurationPlatforms) = preSolution
		Debug|Any CPU = Debug|Any CPU
		Release|Any CPU = Release|Any CPU
	EndGlobalSection
	GlobalSection(ProjectConfigurationPlatforms) = postSolution
		{44EE295F-BF13-4ADD-9840-69B3A4362C4D}.Debug|Any CPU.ActiveCfg = Debug|Any CPU
		{44EE295F-BF13-4ADD-9840-69B3A4362C4D}.Debug|Any CPU.Build.0 = Debug|Any CPU
		{44EE295F-BF13-4ADD-9840-69B3A4362C4D}.Release|Any CPU.ActiveCfg = Release|Any CPU
		{44EE295F-BF13-4ADD-9840-69B3A4362C4D}.Release|Any CPU.Build.0 = Release|Any CPU
	EndGlobalSection
	GlobalSection(SolutionProperties) = preSolution
		HideSolutionNode = FALSE
	EndGlobalSection
	GlobalSection(ExtensibilityGlobals) = postSolution
		SolutionGuid = {09937B0C-89BC-4F0B-B155-B2900444B465}
	EndGlobalSection
EndGlobal
