
Microsoft Visual Studio Solution File, Format Version 12.00
# Visual Studio Version 17
VisualStudioVersion = 17.6.33723.286
MinimumVisualStudioVersion = 10.0.40219.1
Project("{FAE04EC0-301F-11D3-BF4B-00C04F79EFBC}") = "Exercise_25", "Exercise_25\Exercise_25.csproj", "{AB56A15B-41CD-4BBF-880C-817C94A8F069}"
EndProject
Global
	GlobalSection(SolutionConfigurationPlatforms) = preSolution
		Debug|Any CPU = Debug|Any CPU
		Release|Any CPU = Release|Any CPU
	EndGlobalSection
	GlobalSection(ProjectConfigurationPlatforms) = postSolution
		{AB56A15B-41CD-4BBF-880C-817C94A8F069}.Debug|Any CPU.ActiveCfg = Debug|Any CPU
		{AB56A15B-41CD-4BBF-880C-817C94A8F069}.Debug|Any CPU.Build.0 = Debug|Any CPU
		{AB56A15B-41CD-4BBF-880C-817C94A8F069}.Release|Any CPU.ActiveCfg = Release|Any CPU
		{AB56A15B-41CD-4BBF-880C-817C94A8F069}.Release|Any CPU.Build.0 = Release|Any CPU
	EndGlobalSection
	GlobalSection(SolutionProperties) = preSolution
		HideSolutionNode = FALSE
	EndGlobalSection
	GlobalSection(ExtensibilityGlobals) = postSolution
		SolutionGuid = {1960EDEC-0931-4656-B8E6-EA8A93EFBA17}
	EndGlobalSection
EndGlobal
