
Microsoft Visual Studio Solution File, Format Version 12.00
# Visual Studio Version 17
VisualStudioVersion = 17.6.33723.286
MinimumVisualStudioVersion = 10.0.40219.1
Project("{FAE04EC0-301F-11D3-BF4B-00C04F79EFBC}") = "Exercise_30", "Exercise_30\Exercise_30.csproj", "{9DEDC533-A253-43BC-8D65-F95BCE30F916}"
EndProject
Global
	GlobalSection(SolutionConfigurationPlatforms) = preSolution
		Debug|Any CPU = Debug|Any CPU
		Release|Any CPU = Release|Any CPU
	EndGlobalSection
	GlobalSection(ProjectConfigurationPlatforms) = postSolution
		{9DEDC533-A253-43BC-8D65-F95BCE30F916}.Debug|Any CPU.ActiveCfg = Debug|Any CPU
		{9DEDC533-A253-43BC-8D65-F95BCE30F916}.Debug|Any CPU.Build.0 = Debug|Any CPU
		{9DEDC533-A253-43BC-8D65-F95BCE30F916}.Release|Any CPU.ActiveCfg = Release|Any CPU
		{9DEDC533-A253-43BC-8D65-F95BCE30F916}.Release|Any CPU.Build.0 = Release|Any CPU
	EndGlobalSection
	GlobalSection(SolutionProperties) = preSolution
		HideSolutionNode = FALSE
	EndGlobalSection
	GlobalSection(ExtensibilityGlobals) = postSolution
		SolutionGuid = {6C72714B-74A5-428B-BECB-B6E8455975DA}
	EndGlobalSection
EndGlobal
