
Microsoft Visual Studio Solution File, Format Version 12.00
# Visual Studio Version 17
VisualStudioVersion = 17.6.33723.286
MinimumVisualStudioVersion = 10.0.40219.1
Project("{FAE04EC0-301F-11D3-BF4B-00C04F79EFBC}") = "Exercise_9", "Exercise_9\Exercise_9.csproj", "{ED94B3AC-E764-4214-BAAB-3429E41CA627}"
EndProject
Global
	GlobalSection(SolutionConfigurationPlatforms) = preSolution
		Debug|Any CPU = Debug|Any CPU
		Release|Any CPU = Release|Any CPU
	EndGlobalSection
	GlobalSection(ProjectConfigurationPlatforms) = postSolution
		{ED94B3AC-E764-4214-BAAB-3429E41CA627}.Debug|Any CPU.ActiveCfg = Debug|Any CPU
		{ED94B3AC-E764-4214-BAAB-3429E41CA627}.Debug|Any CPU.Build.0 = Debug|Any CPU
		{ED94B3AC-E764-4214-BAAB-3429E41CA627}.Release|Any CPU.ActiveCfg = Release|Any CPU
		{ED94B3AC-E764-4214-BAAB-3429E41CA627}.Release|Any CPU.Build.0 = Release|Any CPU
	EndGlobalSection
	GlobalSection(SolutionProperties) = preSolution
		HideSolutionNode = FALSE
	EndGlobalSection
	GlobalSection(ExtensibilityGlobals) = postSolution
		SolutionGuid = {236DE5D2-BC59-4622-959D-E17539BBFF85}
	EndGlobalSection
EndGlobal
