
Microsoft Visual Studio Solution File, Format Version 12.00
# Visual Studio Version 17
VisualStudioVersion = 17.6.33723.286
MinimumVisualStudioVersion = 10.0.40219.1
Project("{FAE04EC0-301F-11D3-BF4B-00C04F79EFBC}") = "Exercise_10", "Exercise_10\Exercise_10.csproj", "{B78E0ED1-5E99-4776-8EBA-9AE444CCC820}"
EndProject
Global
	GlobalSection(SolutionConfigurationPlatforms) = preSolution
		Debug|Any CPU = Debug|Any CPU
		Release|Any CPU = Release|Any CPU
	EndGlobalSection
	GlobalSection(ProjectConfigurationPlatforms) = postSolution
		{B78E0ED1-5E99-4776-8EBA-9AE444CCC820}.Debug|Any CPU.ActiveCfg = Debug|Any CPU
		{B78E0ED1-5E99-4776-8EBA-9AE444CCC820}.Debug|Any CPU.Build.0 = Debug|Any CPU
		{B78E0ED1-5E99-4776-8EBA-9AE444CCC820}.Release|Any CPU.ActiveCfg = Release|Any CPU
		{B78E0ED1-5E99-4776-8EBA-9AE444CCC820}.Release|Any CPU.Build.0 = Release|Any CPU
	EndGlobalSection
	GlobalSection(SolutionProperties) = preSolution
		HideSolutionNode = FALSE
	EndGlobalSection
	GlobalSection(ExtensibilityGlobals) = postSolution
		SolutionGuid = {E1921248-73DD-4966-A054-A085A30053C2}
	EndGlobalSection
EndGlobal
