
Microsoft Visual Studio Solution File, Format Version 12.00
# Visual Studio Version 17
VisualStudioVersion = 17.6.33723.286
MinimumVisualStudioVersion = 10.0.40219.1
Project("{FAE04EC0-301F-11D3-BF4B-00C04F79EFBC}") = "Exercise_12", "Exercise_12\Exercise_12.csproj", "{867CDF30-E036-4013-AC2F-55804429857C}"
EndProject
Global
	GlobalSection(SolutionConfigurationPlatforms) = preSolution
		Debug|Any CPU = Debug|Any CPU
		Release|Any CPU = Release|Any CPU
	EndGlobalSection
	GlobalSection(ProjectConfigurationPlatforms) = postSolution
		{867CDF30-E036-4013-AC2F-55804429857C}.Debug|Any CPU.ActiveCfg = Debug|Any CPU
		{867CDF30-E036-4013-AC2F-55804429857C}.Debug|Any CPU.Build.0 = Debug|Any CPU
		{867CDF30-E036-4013-AC2F-55804429857C}.Release|Any CPU.ActiveCfg = Release|Any CPU
		{867CDF30-E036-4013-AC2F-55804429857C}.Release|Any CPU.Build.0 = Release|Any CPU
	EndGlobalSection
	GlobalSection(SolutionProperties) = preSolution
		HideSolutionNode = FALSE
	EndGlobalSection
	GlobalSection(ExtensibilityGlobals) = postSolution
		SolutionGuid = {619F7FAD-1A09-46FF-93E8-5E7A7230D8B1}
	EndGlobalSection
EndGlobal
