
Microsoft Visual Studio Solution File, Format Version 12.00
# Visual Studio Version 17
VisualStudioVersion = 17.6.33723.286
MinimumVisualStudioVersion = 10.0.40219.1
Project("{FAE04EC0-301F-11D3-BF4B-00C04F79EFBC}") = "Exercise_15", "Exercise_15\Exercise_15.csproj", "{CD8A2AA3-AB1D-446E-A858-7BD9BB6FC225}"
EndProject
Global
	GlobalSection(SolutionConfigurationPlatforms) = preSolution
		Debug|Any CPU = Debug|Any CPU
		Release|Any CPU = Release|Any CPU
	EndGlobalSection
	GlobalSection(ProjectConfigurationPlatforms) = postSolution
		{CD8A2AA3-AB1D-446E-A858-7BD9BB6FC225}.Debug|Any CPU.ActiveCfg = Debug|Any CPU
		{CD8A2AA3-AB1D-446E-A858-7BD9BB6FC225}.Debug|Any CPU.Build.0 = Debug|Any CPU
		{CD8A2AA3-AB1D-446E-A858-7BD9BB6FC225}.Release|Any CPU.ActiveCfg = Release|Any CPU
		{CD8A2AA3-AB1D-446E-A858-7BD9BB6FC225}.Release|Any CPU.Build.0 = Release|Any CPU
	EndGlobalSection
	GlobalSection(SolutionProperties) = preSolution
		HideSolutionNode = FALSE
	EndGlobalSection
	GlobalSection(ExtensibilityGlobals) = postSolution
		SolutionGuid = {87E9445D-4DD6-40A9-8929-5F8E600B95B0}
	EndGlobalSection
EndGlobal
